// !$*UTF8*$!
{
	archiveVersion = 1;
	classes = {
	};
	objectVersion = 50;
	objects = {

/* Begin PBXBuildFile section */
		8DE74F2074444A189BD253F3 /* Pods_JYDFilter.framework in Frameworks */ = {isa = PBXBuildFile; fileRef = 6255D7AA6351A62B6A16923A /* Pods_JYDFilter.framework */; };
		B462F1512680A5790072A051 /* JYDFilter.framework in Frameworks */ = {isa = PBXBuildFile; fileRef = B462F1472680A5790072A051 /* JYDFilter.framework */; };
		B462F1562680A5790072A051 /* JYDFilterTests.swift in Sources */ = {isa = PBXBuildFile; fileRef = B462F1552680A5790072A051 /* JYDFilterTests.swift */; };
		B462F1582680A5790072A051 /* JYDFilter.h in Headers */ = {isa = PBXBuildFile; fileRef = B462F14A2680A5790072A051 /* JYDFilter.h */; settings = {ATTRIBUTES = (Public, ); }; };
		B462F1742680A5900072A051 /* Assets.xcassets in Resources */ = {isa = PBXBuildFile; fileRef = B462F1612680A5900072A051 /* Assets.xcassets */; };
		B462F1752680A5900072A051 /* JYDFilterCollectionHeader.swift in Sources */ = {isa = PBXBuildFile; fileRef = B462F1632680A5900072A051 /* JYDFilterCollectionHeader.swift */; };
		B462F1762680A5900072A051 /* JYDFilterView+UICollectionViewDelegateFlowLayout.swift in Sources */ = {isa = PBXBuildFile; fileRef = B462F1642680A5900072A051 /* JYDFilterView+UICollectionViewDelegateFlowLayout.swift */; };
		B462F1772680A5900072A051 /* JYDFilterItemCell.swift in Sources */ = {isa = PBXBuildFile; fileRef = B462F1652680A5900072A051 /* JYDFilterItemCell.swift */; };
		B462F1782680A5900072A051 /* JYDFilterView+UICollectionViewDataSource.swift in Sources */ = {isa = PBXBuildFile; fileRef = B462F1662680A5900072A051 /* JYDFilterView+UICollectionViewDataSource.swift */; };
		B462F1792680A5900072A051 /* JYDFilterView+SetupUI.swift in Sources */ = {isa = PBXBuildFile; fileRef = B462F1672680A5900072A051 /* JYDFilterView+SetupUI.swift */; };
		B462F17A2680A5900072A051 /* JYDFilterDateCell.swift in Sources */ = {isa = PBXBuildFile; fileRef = B462F1682680A5900072A051 /* JYDFilterDateCell.swift */; };
		B462F17B2680A5900072A051 /* JYDFilterView.swift in Sources */ = {isa = PBXBuildFile; fileRef = B462F1692680A5900072A051 /* JYDFilterView.swift */; };
		B462F17C2680A5900072A051 /* JYDFilterSection.swift in Sources */ = {isa = PBXBuildFile; fileRef = B462F16B2680A5900072A051 /* JYDFilterSection.swift */; };
		B462F17D2680A5900072A051 /* JYDFilterItem.swift in Sources */ = {isa = PBXBuildFile; fileRef = B462F16C2680A5900072A051 /* JYDFilterItem.swift */; };
		B462F17E2680A5900072A051 /* JYDFilter.swift in Sources */ = {isa = PBXBuildFile; fileRef = B462F16D2680A5900072A051 /* JYDFilter.swift */; };
		B462F17F2680A5900072A051 /* JYDFilterResult.swift in Sources */ = {isa = PBXBuildFile; fileRef = B462F16E2680A5900072A051 /* JYDFilterResult.swift */; };
		B462F1802680A5900072A051 /* UIColorExtension.swift in Sources */ = {isa = PBXBuildFile; fileRef = B462F1702680A5900072A051 /* UIColorExtension.swift */; };
		B462F1812680A5900072A051 /* UICollectionViewLeftAlignedLayout.swift in Sources */ = {isa = PBXBuildFile; fileRef = B462F1712680A5900072A051 /* UICollectionViewLeftAlignedLayout.swift */; };
		B462F1822680A5900072A051 /* UIFountExtension.swift in Sources */ = {isa = PBXBuildFile; fileRef = B462F1722680A5900072A051 /* UIFountExtension.swift */; };
		B462F1832680A5900072A051 /* DateExtension.swift in Sources */ = {isa = PBXBuildFile; fileRef = B462F1732680A5900072A051 /* DateExtension.swift */; };
/* End PBXBuildFile section */

/* Begin PBXContainerItemProxy section */
		B462F1522680A5790072A051 /* PBXContainerItemProxy */ = {
			isa = PBXContainerItemProxy;
			containerPortal = B462F13E2680A5790072A051 /* Project object */;
			proxyType = 1;
			remoteGlobalIDString = B462F1462680A5790072A051;
			remoteInfo = JYDFilter;
		};
/* End PBXContainerItemProxy section */

/* Begin PBXFileReference section */
		6255D7AA6351A62B6A16923A /* Pods_JYDFilter.framework */ = {isa = PBXFileReference; explicitFileType = wrapper.framework; includeInIndex = 0; path = Pods_JYDFilter.framework; sourceTree = BUILT_PRODUCTS_DIR; };
		A6448160D7070FEB0F38C038 /* Pods-JYDFilter.release.xcconfig */ = {isa = PBXFileReference; includeInIndex = 1; lastKnownFileType = text.xcconfig; name = "Pods-JYDFilter.release.xcconfig"; path = "Target Support Files/Pods-JYDFilter/Pods-JYDFilter.release.xcconfig"; sourceTree = "<group>"; };
		B462F1472680A5790072A051 /* JYDFilter.framework */ = {isa = PBXFileReference; explicitFileType = wrapper.framework; includeInIndex = 0; path = JYDFilter.framework; sourceTree = BUILT_PRODUCTS_DIR; };
		B462F14A2680A5790072A051 /* JYDFilter.h */ = {isa = PBXFileReference; lastKnownFileType = sourcecode.c.h; path = JYDFilter.h; sourceTree = "<group>"; };
		B462F14B2680A5790072A051 /* Info.plist */ = {isa = PBXFileReference; lastKnownFileType = text.plist.xml; path = Info.plist; sourceTree = "<group>"; };
		B462F1502680A5790072A051 /* JYDFilterTests.xctest */ = {isa = PBXFileReference; explicitFileType = wrapper.cfbundle; includeInIndex = 0; path = JYDFilterTests.xctest; sourceTree = BUILT_PRODUCTS_DIR; };
		B462F1552680A5790072A051 /* JYDFilterTests.swift */ = {isa = PBXFileReference; lastKnownFileType = sourcecode.swift; path = JYDFilterTests.swift; sourceTree = "<group>"; };
		B462F1572680A5790072A051 /* Info.plist */ = {isa = PBXFileReference; lastKnownFileType = text.plist.xml; path = Info.plist; sourceTree = "<group>"; };
		B462F1612680A5900072A051 /* Assets.xcassets */ = {isa = PBXFileReference; lastKnownFileType = folder.assetcatalog; path = Assets.xcassets; sourceTree = "<group>"; };
		B462F1632680A5900072A051 /* JYDFilterCollectionHeader.swift */ = {isa = PBXFileReference; fileEncoding = 4; lastKnownFileType = sourcecode.swift; path = JYDFilterCollectionHeader.swift; sourceTree = "<group>"; };
		B462F1642680A5900072A051 /* JYDFilterView+UICollectionViewDelegateFlowLayout.swift */ = {isa = PBXFileReference; fileEncoding = 4; lastKnownFileType = sourcecode.swift; path = "JYDFilterView+UICollectionViewDelegateFlowLayout.swift"; sourceTree = "<group>"; };
		B462F1652680A5900072A051 /* JYDFilterItemCell.swift */ = {isa = PBXFileReference; fileEncoding = 4; lastKnownFileType = sourcecode.swift; path = JYDFilterItemCell.swift; sourceTree = "<group>"; };
		B462F1662680A5900072A051 /* JYDFilterView+UICollectionViewDataSource.swift */ = {isa = PBXFileReference; fileEncoding = 4; lastKnownFileType = sourcecode.swift; path = "JYDFilterView+UICollectionViewDataSource.swift"; sourceTree = "<group>"; };
		B462F1672680A5900072A051 /* JYDFilterView+SetupUI.swift */ = {isa = PBXFileReference; fileEncoding = 4; lastKnownFileType = sourcecode.swift; path = "JYDFilterView+SetupUI.swift"; sourceTree = "<group>"; };
		B462F1682680A5900072A051 /* JYDFilterDateCell.swift */ = {isa = PBXFileReference; fileEncoding = 4; lastKnownFileType = sourcecode.swift; path = JYDFilterDateCell.swift; sourceTree = "<group>"; };
		B462F1692680A5900072A051 /* JYDFilterView.swift */ = {isa = PBXFileReference; fileEncoding = 4; lastKnownFileType = sourcecode.swift; path = JYDFilterView.swift; sourceTree = "<group>"; };
		B462F16B2680A5900072A051 /* JYDFilterSection.swift */ = {isa = PBXFileReference; fileEncoding = 4; lastKnownFileType = sourcecode.swift; path = JYDFilterSection.swift; sourceTree = "<group>"; };
		B462F16C2680A5900072A051 /* JYDFilterItem.swift */ = {isa = PBXFileReference; fileEncoding = 4; lastKnownFileType = sourcecode.swift; path = JYDFilterItem.swift; sourceTree = "<group>"; };
		B462F16D2680A5900072A051 /* JYDFilter.swift */ = {isa = PBXFileReference; fileEncoding = 4; lastKnownFileType = sourcecode.swift; path = JYDFilter.swift; sourceTree = "<group>"; };
		B462F16E2680A5900072A051 /* JYDFilterResult.swift */ = {isa = PBXFileReference; fileEncoding = 4; lastKnownFileType = sourcecode.swift; path = JYDFilterResult.swift; sourceTree = "<group>"; };
		B462F1702680A5900072A051 /* UIColorExtension.swift */ = {isa = PBXFileReference; fileEncoding = 4; lastKnownFileType = sourcecode.swift; path = UIColorExtension.swift; sourceTree = "<group>"; };
		B462F1712680A5900072A051 /* UICollectionViewLeftAlignedLayout.swift */ = {isa = PBXFileReference; fileEncoding = 4; lastKnownFileType = sourcecode.swift; path = UICollectionViewLeftAlignedLayout.swift; sourceTree = "<group>"; };
		B462F1722680A5900072A051 /* UIFountExtension.swift */ = {isa = PBXFileReference; fileEncoding = 4; lastKnownFileType = sourcecode.swift; path = UIFountExtension.swift; sourceTree = "<group>"; };
		B462F1732680A5900072A051 /* DateExtension.swift */ = {isa = PBXFileReference; fileEncoding = 4; lastKnownFileType = sourcecode.swift; path = DateExtension.swift; sourceTree = "<group>"; };
		B86E57A82398D0F4CCAC5613 /* Pods-JYDFilter.debug.xcconfig */ = {isa = PBXFileReference; includeInIndex = 1; lastKnownFileType = text.xcconfig; name = "Pods-JYDFilter.debug.xcconfig"; path = "Target Support Files/Pods-JYDFilter/Pods-JYDFilter.debug.xcconfig"; sourceTree = "<group>"; };
/* End PBXFileReference section */

/* Begin PBXFrameworksBuildPhase section */
		B462F1442680A5790072A051 /* Frameworks */ = {
			isa = PBXFrameworksBuildPhase;
			buildActionMask = 2147483647;
			files = (
				8DE74F2074444A189BD253F3 /* Pods_JYDFilter.framework in Frameworks */,
			);
			runOnlyForDeploymentPostprocessing = 0;
		};
		B462F14D2680A5790072A051 /* Frameworks */ = {
			isa = PBXFrameworksBuildPhase;
			buildActionMask = 2147483647;
			files = (
				B462F1512680A5790072A051 /* JYDFilter.framework in Frameworks */,
			);
			runOnlyForDeploymentPostprocessing = 0;
		};
/* End PBXFrameworksBuildPhase section */

/* Begin PBXGroup section */
		3C661DC78860D134C25CD892 /* Frameworks */ = {
			isa = PBXGroup;
			children = (
				6255D7AA6351A62B6A16923A /* Pods_JYDFilter.framework */,
			);
			name = Frameworks;
			sourceTree = "<group>";
		};
		A47C123BB5B9A8CA7455B9DA /* Pods */ = {
			isa = PBXGroup;
			children = (
				B86E57A82398D0F4CCAC5613 /* Pods-JYDFilter.debug.xcconfig */,
				A6448160D7070FEB0F38C038 /* Pods-JYDFilter.release.xcconfig */,
			);
			name = Pods;
			path = Pods;
			sourceTree = "<group>";
		};
		B462F13D2680A5790072A051 = {
			isa = PBXGroup;
			children = (
				B462F1492680A5790072A051 /* JYDFilter */,
				B462F1542680A5790072A051 /* JYDFilterTests */,
				B462F1482680A5790072A051 /* Products */,
				A47C123BB5B9A8CA7455B9DA /* Pods */,
				3C661DC78860D134C25CD892 /* Frameworks */,
			);
			sourceTree = "<group>";
		};
		B462F1482680A5790072A051 /* Products */ = {
			isa = PBXGroup;
			children = (
				B462F1472680A5790072A051 /* JYDFilter.framework */,
				B462F1502680A5790072A051 /* JYDFilterTests.xctest */,
			);
			name = Products;
			sourceTree = "<group>";
		};
		B462F1492680A5790072A051 /* JYDFilter */ = {
			isa = PBXGroup;
			children = (
				B462F1612680A5900072A051 /* Assets.xcassets */,
				B462F16A2680A5900072A051 /* Class */,
				B462F16F2680A5900072A051 /* Other */,
				B462F1622680A5900072A051 /* View */,
				B462F14A2680A5790072A051 /* JYDFilter.h */,
				B462F14B2680A5790072A051 /* Info.plist */,
			);
			path = JYDFilter;
			sourceTree = "<group>";
		};
		B462F1542680A5790072A051 /* JYDFilterTests */ = {
			isa = PBXGroup;
			children = (
				B462F1552680A5790072A051 /* JYDFilterTests.swift */,
				B462F1572680A5790072A051 /* Info.plist */,
			);
			path = JYDFilterTests;
			sourceTree = "<group>";
		};
		B462F1622680A5900072A051 /* View */ = {
			isa = PBXGroup;
			children = (
				B462F1632680A5900072A051 /* JYDFilterCollectionHeader.swift */,
				B462F1642680A5900072A051 /* JYDFilterView+UICollectionViewDelegateFlowLayout.swift */,
				B462F1652680A5900072A051 /* JYDFilterItemCell.swift */,
				B462F1662680A5900072A051 /* JYDFilterView+UICollectionViewDataSource.swift */,
				B462F1672680A5900072A051 /* JYDFilterView+SetupUI.swift */,
				B462F1682680A5900072A051 /* JYDFilterDateCell.swift */,
				B462F1692680A5900072A051 /* JYDFilterView.swift */,
			);
			path = View;
			sourceTree = "<group>";
		};
		B462F16A2680A5900072A051 /* Class */ = {
			isa = PBXGroup;
			children = (
				B462F16B2680A5900072A051 /* JYDFilterSection.swift */,
				B462F16C2680A5900072A051 /* JYDFilterItem.swift */,
				B462F16D2680A5900072A051 /* JYDFilter.swift */,
				B462F16E2680A5900072A051 /* JYDFilterResult.swift */,
			);
			path = Class;
			sourceTree = "<group>";
		};
		B462F16F2680A5900072A051 /* Other */ = {
			isa = PBXGroup;
			children = (
				B462F1702680A5900072A051 /* UIColorExtension.swift */,
				B462F1712680A5900072A051 /* UICollectionViewLeftAlignedLayout.swift */,
				B462F1722680A5900072A051 /* UIFountExtension.swift */,
				B462F1732680A5900072A051 /* DateExtension.swift */,
			);
			path = Other;
			sourceTree = "<group>";
		};
/* End PBXGroup section */

/* Begin PBXHeadersBuildPhase section */
		B462F1422680A5790072A051 /* Headers */ = {
			isa = PBXHeadersBuildPhase;
			buildActionMask = 2147483647;
			files = (
				B462F1582680A5790072A051 /* JYDFilter.h in Headers */,
			);
			runOnlyForDeploymentPostprocessing = 0;
		};
/* End PBXHeadersBuildPhase section */

/* Begin PBXNativeTarget section */
		B462F1462680A5790072A051 /* JYDFilter */ = {
			isa = PBXNativeTarget;
			buildConfigurationList = B462F15B2680A5790072A051 /* Build configuration list for PBXNativeTarget "JYDFilter" */;
			buildPhases = (
				02903D1D3C2E788D3701DD7B /* [CP] Check Pods Manifest.lock */,
				B462F1422680A5790072A051 /* Headers */,
				B462F1432680A5790072A051 /* Sources */,
				B462F1442680A5790072A051 /* Frameworks */,
				B462F1452680A5790072A051 /* Resources */,
			);
			buildRules = (
			);
			dependencies = (
			);
			name = JYDFilter;
			productName = JYDFilter;
			productReference = B462F1472680A5790072A051 /* JYDFilter.framework */;
			productType = "com.apple.product-type.framework";
		};
		B462F14F2680A5790072A051 /* JYDFilterTests */ = {
			isa = PBXNativeTarget;
			buildConfigurationList = B462F15E2680A5790072A051 /* Build configuration list for PBXNativeTarget "JYDFilterTests" */;
			buildPhases = (
				B462F14C2680A5790072A051 /* Sources */,
				B462F14D2680A5790072A051 /* Frameworks */,
				B462F14E2680A5790072A051 /* Resources */,
			);
			buildRules = (
			);
			dependencies = (
				B462F1532680A5790072A051 /* PBXTargetDependency */,
			);
			name = JYDFilterTests;
			productName = JYDFilterTests;
			productReference = B462F1502680A5790072A051 /* JYDFilterTests.xctest */;
			productType = "com.apple.product-type.bundle.unit-test";
		};
/* End PBXNativeTarget section */

/* Begin PBXProject section */
		B462F13E2680A5790072A051 /* Project object */ = {
			isa = PBXProject;
			attributes = {
				LastSwiftUpdateCheck = 1250;
				LastUpgradeCheck = 1250;
				TargetAttributes = {
					B462F1462680A5790072A051 = {
						CreatedOnToolsVersion = 12.5;
					};
					B462F14F2680A5790072A051 = {
						CreatedOnToolsVersion = 12.5;
					};
				};
			};
			buildConfigurationList = B462F1412680A5790072A051 /* Build configuration list for PBXProject "JYDFilter" */;
			compatibilityVersion = "Xcode 9.3";
			developmentRegion = en;
			hasScannedForEncodings = 0;
			knownRegions = (
				en,
				Base,
			);
			mainGroup = B462F13D2680A5790072A051;
			productRefGroup = B462F1482680A5790072A051 /* Products */;
			projectDirPath = "";
			projectRoot = "";
			targets = (
				B462F1462680A5790072A051 /* JYDFilter */,
				B462F14F2680A5790072A051 /* JYDFilterTests */,
			);
		};
/* End PBXProject section */

/* Begin PBXResourcesBuildPhase section */
		B462F1452680A5790072A051 /* Resources */ = {
			isa = PBXResourcesBuildPhase;
			buildActionMask = 2147483647;
			files = (
				B462F1742680A5900072A051 /* Assets.xcassets in Resources */,
			);
			runOnlyForDeploymentPostprocessing = 0;
		};
		B462F14E2680A5790072A051 /* Resources */ = {
			isa = PBXResourcesBuildPhase;
			buildActionMask = 2147483647;
			files = (
			);
			runOnlyForDeploymentPostprocessing = 0;
		};
/* End PBXResourcesBuildPhase section */

/* Begin PBXShellScriptBuildPhase section */
		02903D1D3C2E788D3701DD7B /* [CP] Check Pods Manifest.lock */ = {
			isa = PBXShellScriptBuildPhase;
			buildActionMask = 2147483647;
			files = (
			);
			inputFileListPaths = (
			);
			inputPaths = (
				"${PODS_PODFILE_DIR_PATH}/Podfile.lock",
				"${PODS_ROOT}/Manifest.lock",
			);
			name = "[CP] Check Pods Manifest.lock";
			outputFileListPaths = (
			);
			outputPaths = (
				"$(DERIVED_FILE_DIR)/Pods-JYDFilter-checkManifestLockResult.txt",
			);
			runOnlyForDeploymentPostprocessing = 0;
			shellPath = /bin/sh;
			shellScript = "diff \"${PODS_PODFILE_DIR_PATH}/Podfile.lock\" \"${PODS_ROOT}/Manifest.lock\" > /dev/null\nif [ $? != 0 ] ; then\n    # print error to STDERR\n    echo \"error: The sandbox is not in sync with the Podfile.lock. Run 'pod install' or update your CocoaPods installation.\" >&2\n    exit 1\nfi\n# This output is used by Xcode 'outputs' to avoid re-running this script phase.\necho \"SUCCESS\" > \"${SCRIPT_OUTPUT_FILE_0}\"\n";
			showEnvVarsInLog = 0;
		};
/* End PBXShellScriptBuildPhase section */

/* Begin PBXSourcesBuildPhase section */
		B462F1432680A5790072A051 /* Sources */ = {
			isa = PBXSourcesBuildPhase;
			buildActionMask = 2147483647;
			files = (
				B462F1792680A5900072A051 /* JYDFilterView+SetupUI.swift in Sources */,
				B462F1832680A5900072A051 /* DateExtension.swift in Sources */,
				B462F17E2680A5900072A051 /* JYDFilter.swift in Sources */,
				B462F1782680A5900072A051 /* JYDFilterView+UICollectionViewDataSource.swift in Sources */,
				B462F1762680A5900072A051 /* JYDFilterView+UICollectionViewDelegateFlowLayout.swift in Sources */,
				B462F17C2680A5900072A051 /* JYDFilterSection.swift in Sources */,
				B462F1812680A5900072A051 /* UICollectionViewLeftAlignedLayout.swift in Sources */,
				B462F17B2680A5900072A051 /* JYDFilterView.swift in Sources */,
				B462F17F2680A5900072A051 /* JYDFilterResult.swift in Sources */,
				B462F17A2680A5900072A051 /* JYDFilterDateCell.swift in Sources */,
				B462F1752680A5900072A051 /* JYDFilterCollectionHeader.swift in Sources */,
				B462F1822680A5900072A051 /* UIFountExtension.swift in Sources */,
				B462F1772680A5900072A051 /* JYDFilterItemCell.swift in Sources */,
				B462F17D2680A5900072A051 /* JYDFilterItem.swift in Sources */,
				B462F1802680A5900072A051 /* UIColorExtension.swift in Sources */,
			);
			runOnlyForDeploymentPostprocessing = 0;
		};
		B462F14C2680A5790072A051 /* Sources */ = {
			isa = PBXSourcesBuildPhase;
			buildActionMask = 2147483647;
			files = (
				B462F1562680A5790072A051 /* JYDFilterTests.swift in Sources */,
			);
			runOnlyForDeploymentPostprocessing = 0;
		};
/* End PBXSourcesBuildPhase section */

/* Begin PBXTargetDependency section */
		B462F1532680A5790072A051 /* PBXTargetDependency */ = {
			isa = PBXTargetDependency;
			target = B462F1462680A5790072A051 /* JYDFilter */;
			targetProxy = B462F1522680A5790072A051 /* PBXContainerItemProxy */;
		};
/* End PBXTargetDependency section */

/* Begin XCBuildConfiguration section */
		B462F1592680A5790072A051 /* Debug */ = {
			isa = XCBuildConfiguration;
			buildSettings = {
				ALWAYS_SEARCH_USER_PATHS = NO;
				CLANG_ANALYZER_NONNULL = YES;
				CLANG_ANALYZER_NUMBER_OBJECT_CONVERSION = YES_AGGRESSIVE;
				CLANG_CXX_LANGUAGE_STANDARD = "gnu++14";
				CLANG_CXX_LIBRARY = "libc++";
				CLANG_ENABLE_MODULES = YES;
				CLANG_ENABLE_OBJC_ARC = YES;
				CLANG_ENABLE_OBJC_WEAK = YES;
				CLANG_WARN_BLOCK_CAPTURE_AUTORELEASING = YES;
				CLANG_WARN_BOOL_CONVERSION = YES;
				CLANG_WARN_COMMA = YES;
				CLANG_WARN_CONSTANT_CONVERSION = YES;
				CLANG_WARN_DEPRECATED_OBJC_IMPLEMENTATIONS = YES;
				CLANG_WARN_DIRECT_OBJC_ISA_USAGE = YES_ERROR;
				CLANG_WARN_DOCUMENTATION_COMMENTS = YES;
				CLANG_WARN_EMPTY_BODY = YES;
				CLANG_WARN_ENUM_CONVERSION = YES;
				CLANG_WARN_INFINITE_RECURSION = YES;
				CLANG_WARN_INT_CONVERSION = YES;
				CLANG_WARN_NON_LITERAL_NULL_CONVERSION = YES;
				CLANG_WARN_OBJC_IMPLICIT_RETAIN_SELF = YES;
				CLANG_WARN_OBJC_LITERAL_CONVERSION = YES;
				CLANG_WARN_OBJC_ROOT_CLASS = YES_ERROR;
				CLANG_WARN_QUOTED_INCLUDE_IN_FRAMEWORK_HEADER = YES;
				CLANG_WARN_RANGE_LOOP_ANALYSIS = YES;
				CLANG_WARN_STRICT_PROTOTYPES = YES;
				CLANG_WARN_SUSPICIOUS_MOVE = YES;
				CLANG_WARN_UNGUARDED_AVAILABILITY = YES_AGGRESSIVE;
				CLANG_WARN_UNREACHABLE_CODE = YES;
				CLANG_WARN__DUPLICATE_METHOD_MATCH = YES;
				COPY_PHASE_STRIP = NO;
				CURRENT_PROJECT_VERSION = 1;
				DEBUG_INFORMATION_FORMAT = dwarf;
				ENABLE_STRICT_OBJC_MSGSEND = YES;
				ENABLE_TESTABILITY = YES;
				GCC_C_LANGUAGE_STANDARD = gnu11;
				GCC_DYNAMIC_NO_PIC = NO;
				GCC_NO_COMMON_BLOCKS = YES;
				GCC_OPTIMIZATION_LEVEL = 0;
				GCC_PREPROCESSOR_DEFINITIONS = (
					"DEBUG=1",
					"$(inherited)",
				);
				GCC_WARN_64_TO_32_BIT_CONVERSION = YES;
				GCC_WARN_ABOUT_RETURN_TYPE = YES_ERROR;
				GCC_WARN_UNDECLARED_SELECTOR = YES;
				GCC_WARN_UNINITIALIZED_AUTOS = YES_AGGRESSIVE;
				GCC_WARN_UNUSED_FUNCTION = YES;
				GCC_WARN_UNUSED_VARIABLE = YES;
				IPHONEOS_DEPLOYMENT_TARGET = 14.5;
				MTL_ENABLE_DEBUG_INFO = INCLUDE_SOURCE;
				MTL_FAST_MATH = YES;
				ONLY_ACTIVE_ARCH = YES;
				SDKROOT = iphoneos;
				SWIFT_ACTIVE_COMPILATION_CONDITIONS = DEBUG;
				SWIFT_OPTIMIZATION_LEVEL = "-Onone";
				VERSIONING_SYSTEM = "apple-generic";
				VERSION_INFO_PREFIX = "";
			};
			name = Debug;
		};
		B462F15A2680A5790072A051 /* Release */ = {
			isa = XCBuildConfiguration;
			buildSettings = {
				ALWAYS_SEARCH_USER_PATHS = NO;
				CLANG_ANALYZER_NONNULL = YES;
				CLANG_ANALYZER_NUMBER_OBJECT_CONVERSION = YES_AGGRESSIVE;
				CLANG_CXX_LANGUAGE_STANDARD = "gnu++14";
				CLANG_CXX_LIBRARY = "libc++";
				CLANG_ENABLE_MODULES = YES;
				CLANG_ENABLE_OBJC_ARC = YES;
				CLANG_ENABLE_OBJC_WEAK = YES;
				CLANG_WARN_BLOCK_CAPTURE_AUTORELEASING = YES;
				CLANG_WARN_BOOL_CONVERSION = YES;
				CLANG_WARN_COMMA = YES;
				CLANG_WARN_CONSTANT_CONVERSION = YES;
				CLANG_WARN_DEPRECATED_OBJC_IMPLEMENTATIONS = YES;
				CLANG_WARN_DIRECT_OBJC_ISA_USAGE = YES_ERROR;
				CLANG_WARN_DOCUMENTATION_COMMENTS = YES;
				CLANG_WARN_EMPTY_BODY = YES;
				CLANG_WARN_ENUM_CONVERSION = YES;
				CLANG_WARN_INFINITE_RECURSION = YES;
				CLANG_WARN_INT_CONVERSION = YES;
				CLANG_WARN_NON_LITERAL_NULL_CONVERSION = YES;
				CLANG_WARN_OBJC_IMPLICIT_RETAIN_SELF = YES;
				CLANG_WARN_OBJC_LITERAL_CONVERSION = YES;
				CLANG_WARN_OBJC_ROOT_CLASS = YES_ERROR;
				CLANG_WARN_QUOTED_INCLUDE_IN_FRAMEWORK_HEADER = YES;
				CLANG_WARN_RANGE_LOOP_ANALYSIS = YES;
				CLANG_WARN_STRICT_PROTOTYPES = YES;
				CLANG_WARN_SUSPICIOUS_MOVE = YES;
				CLANG_WARN_UNGUARDED_AVAILABILITY = YES_AGGRESSIVE;
				CLANG_WARN_UNREACHABLE_CODE = YES;
				CLANG_WARN__DUPLICATE_METHOD_MATCH = YES;
				COPY_PHASE_STRIP = NO;
				CURRENT_PROJECT_VERSION = 1;
				DEBUG_INFORMATION_FORMAT = "dwarf-with-dsym";
				ENABLE_NS_ASSERTIONS = NO;
				ENABLE_STRICT_OBJC_MSGSEND = YES;
				GCC_C_LANGUAGE_STANDARD = gnu11;
				GCC_NO_COMMON_BLOCKS = YES;
				GCC_WARN_64_TO_32_BIT_CONVERSION = YES;
				GCC_WARN_ABOUT_RETURN_TYPE = YES_ERROR;
				GCC_WARN_UNDECLARED_SELECTOR = YES;
				GCC_WARN_UNINITIALIZED_AUTOS = YES_AGGRESSIVE;
				GCC_WARN_UNUSED_FUNCTION = YES;
				GCC_WARN_UNUSED_VARIABLE = YES;
				IPHONEOS_DEPLOYMENT_TARGET = 14.5;
				MTL_ENABLE_DEBUG_INFO = NO;
				MTL_FAST_MATH = YES;
				SDKROOT = iphoneos;
				SWIFT_COMPILATION_MODE = wholemodule;
				SWIFT_OPTIMIZATION_LEVEL = "-O";
				VALIDATE_PRODUCT = YES;
				VERSIONING_SYSTEM = "apple-generic";
				VERSION_INFO_PREFIX = "";
			};
			name = Release;
		};
		B462F15C2680A5790072A051 /* Debug */ = {
			isa = XCBuildConfiguration;
			baseConfigurationReference = B86E57A82398D0F4CCAC5613 /* Pods-JYDFilter.debug.xcconfig */;
			buildSettings = {
				CODE_SIGN_STYLE = Automatic;
				DEFINES_MODULE = YES;
				DEVELOPMENT_TEAM = FKV48P6B49;
				DYLIB_COMPATIBILITY_VERSION = 1;
				DYLIB_CURRENT_VERSION = 1;
				DYLIB_INSTALL_NAME_BASE = "@rpath";
				INFOPLIST_FILE = JYDFilter/Info.plist;
				INSTALL_PATH = "$(LOCAL_LIBRARY_DIR)/Frameworks";
				LD_RUNPATH_SEARCH_PATHS = (
					"$(inherited)",
					"@executable_path/Frameworks",
					"@loader_path/Frameworks",
				);
				PRODUCT_BUNDLE_IDENTIFIER = com.yuanke.JYDFilter;
				PRODUCT_NAME = "$(TARGET_NAME:c99extidentifier)";
				SKIP_INSTALL = YES;
				SWIFT_VERSION = 5.0;
				TARGETED_DEVICE_FAMILY = "1,2";
			};
			name = Debug;
		};
		B462F15D2680A5790072A051 /* Release */ = {
			isa = XCBuildConfiguration;
			baseConfigurationReference = A6448160D7070FEB0F38C038 /* Pods-JYDFilter.release.xcconfig */;
			buildSettings = {
				CODE_SIGN_STYLE = Automatic;
				DEFINES_MODULE = YES;
				DEVELOPMENT_TEAM = FKV48P6B49;
				DYLIB_COMPATIBILITY_VERSION = 1;
				DYLIB_CURRENT_VERSION = 1;
				DYLIB_INSTALL_NAME_BASE = "@rpath";
				INFOPLIST_FILE = JYDFilter/Info.plist;
				INSTALL_PATH = "$(LOCAL_LIBRARY_DIR)/Frameworks";
				LD_RUNPATH_SEARCH_PATHS = (
					"$(inherited)",
					"@executable_path/Frameworks",
					"@loader_path/Frameworks",
				);
				PRODUCT_BUNDLE_IDENTIFIER = com.yuanke.JYDFilter;
				PRODUCT_NAME = "$(TARGET_NAME:c99extidentifier)";
				SKIP_INSTALL = YES;
				SWIFT_VERSION = 5.0;
				TARGETED_DEVICE_FAMILY = "1,2";
			};
			name = Release;
		};
		B462F15F2680A5790072A051 /* Debug */ = {
			isa = XCBuildConfiguration;
			buildSettings = {
				ALWAYS_EMBED_SWIFT_STANDARD_LIBRARIES = YES;
				CODE_SIGN_STYLE = Automatic;
				DEVELOPMENT_TEAM = FKV48P6B49;
				INFOPLIST_FILE = JYDFilterTests/Info.plist;
				LD_RUNPATH_SEARCH_PATHS = (
					"$(inherited)",
					"@executable_path/Frameworks",
					"@loader_path/Frameworks",
				);
				PRODUCT_BUNDLE_IDENTIFIER = com.yuanke.JYDFilterTests;
				PRODUCT_NAME = "$(TARGET_NAME)";
				SWIFT_VERSION = 5.0;
				TARGETED_DEVICE_FAMILY = "1,2";
			};
			name = Debug;
		};
		B462F1602680A5790072A051 /* Release */ = {
			isa = XCBuildConfiguration;
			buildSettings = {
				ALWAYS_EMBED_SWIFT_STANDARD_LIBRARIES = YES;
				CODE_SIGN_STYLE = Automatic;
				DEVELOPMENT_TEAM = FKV48P6B49;
				INFOPLIST_FILE = JYDFilterTests/Info.plist;
				LD_RUNPATH_SEARCH_PATHS = (
					"$(inherited)",
					"@executable_path/Frameworks",
					"@loader_path/Frameworks",
				);
				PRODUCT_BUNDLE_IDENTIFIER = com.yuanke.JYDFilterTests;
				PRODUCT_NAME = "$(TARGET_NAME)";
				SWIFT_VERSION = 5.0;
				TARGETED_DEVICE_FAMILY = "1,2";
			};
			name = Release;
		};
/* End XCBuildConfiguration section */

/* Begin XCConfigurationList section */
		B462F1412680A5790072A051 /* Build configuration list for PBXProject "JYDFilter" */ = {
			isa = XCConfigurationList;
			buildConfigurations = (
				B462F1592680A5790072A051 /* Debug */,
				B462F15A2680A5790072A051 /* Release */,
			);
			defaultConfigurationIsVisible = 0;
			defaultConfigurationName = Release;
		};
		B462F15B2680A5790072A051 /* Build configuration list for PBXNativeTarget "JYDFilter" */ = {
			isa = XCConfigurationList;
			buildConfigurations = (
				B462F15C2680A5790072A051 /* Debug */,
				B462F15D2680A5790072A051 /* Release */,
			);
			defaultConfigurationIsVisible = 0;
			defaultConfigurationName = Release;
		};
		B462F15E2680A5790072A051 /* Build configuration list for PBXNativeTarget "JYDFilterTests" */ = {
			isa = XCConfigurationList;
			buildConfigurations = (
				B462F15F2680A5790072A051 /* Debug */,
				B462F1602680A5790072A051 /* Release */,
			);
			defaultConfigurationIsVisible = 0;
			defaultConfigurationName = Release;
		};
/* End XCConfigurationList section */
	};
	rootObject = B462F13E2680A5790072A051 /* Project object */;
}
